// !$*UTF8*$!
{
	archiveVersion = 1;
	classes = {
	};
	objectVersion = 46;
	objects = {

/* Begin PBXBuildFile section */
		7211D9DC17185CD600BA8135 /* CustomLoadingView.m in Sources */ = {isa = PBXBuildFile; fileRef = 7211D9DB17185CD600BA8135 /* CustomLoadingView.m */; };
		7211D9DF17189ED700BA8135 /* MenuButtonHelper.m in Sources */ = {isa = PBXBuildFile; fileRef = 7211D9DE17189ED600BA8135 /* MenuButtonHelper.m */; };
		72244DD0173DCC0200279B80 /* NSData+HexString.m in Sources */ = {isa = PBXBuildFile; fileRef = 72244DCF173DCC0200279B80 /* NSData+HexString.m */; };
		72263BF21746796300AAC461 /* UIColor+HexString.m in Sources */ = {isa = PBXBuildFile; fileRef = 72263BF11746796300AAC461 /* UIColor+HexString.m */; };
		72263BFA17467C9000AAC461 /* closed.png in Resources */ = {isa = PBXBuildFile; fileRef = 72263BF317467C9000AAC461 /* closed.png */; };
		72263BFB17467C9000AAC461 /* darktanlinebreak.png in Resources */ = {isa = PBXBuildFile; fileRef = 72263BF417467C9000AAC461 /* darktanlinebreak.png */; };
		72263BFC17467C9000AAC461 /* greendot.png in Resources */ = {isa = PBXBuildFile; fileRef = 72263BF517467C9000AAC461 /* greendot.png */; };
		72263BFD17467C9000AAC461 /* open.png in Resources */ = {isa = PBXBuildFile; fileRef = 72263BF617467C9000AAC461 /* open.png */; };
		72263BFE17467C9000AAC461 /* reddot.png in Resources */ = {isa = PBXBuildFile; fileRef = 72263BF717467C9000AAC461 /* reddot.png */; };
		72263BFF17467C9000AAC461 /* shadowgradient.png in Resources */ = {isa = PBXBuildFile; fileRef = 72263BF817467C9000AAC461 /* shadowgradient.png */; };
		72263C0017467C9000AAC461 /* tanlinebreak.png in Resources */ = {isa = PBXBuildFile; fileRef = 72263BF917467C9000AAC461 /* tanlinebreak.png */; };
		72263C031746DCC300AAC461 /* icon.png in Resources */ = {isa = PBXBuildFile; fileRef = 72263C011746DCC300AAC461 /* icon.png */; };
		72263C041746DCC300AAC461 /* icon@2x.png in Resources */ = {isa = PBXBuildFile; fileRef = 72263C021746DCC300AAC461 /* icon@2x.png */; };
		7228679F173D4CF500DB1EEA /* PastInspectionsCell.m in Sources */ = {isa = PBXBuildFile; fileRef = 7228679E173D4CF500DB1EEA /* PastInspectionsCell.m */; };
		722867A1173D4D0E00DB1EEA /* PastInspectionsCell.xib in Resources */ = {isa = PBXBuildFile; fileRef = 722867A0173D4D0E00DB1EEA /* PastInspectionsCell.xib */; };
		72383C651726E337003F9FE3 /* RenderPDFViewController.m in Sources */ = {isa = PBXBuildFile; fileRef = 72383C641726E337003F9FE3 /* RenderPDFViewController.m */; };
		72383C671726E389003F9FE3 /* RenderPDFViewController.xib in Resources */ = {isa = PBXBuildFile; fileRef = 72383C661726E389003F9FE3 /* RenderPDFViewController.xib */; };
		724CC8981715A64700EBD6B8 /* LocationHelper.m in Sources */ = {isa = PBXBuildFile; fileRef = 724CC8971715A64700EBD6B8 /* LocationHelper.m */; };
		725372131714C3FB00AB1566 /* NewInspectionCell.xib in Resources */ = {isa = PBXBuildFile; fileRef = 725372121714C3FB00AB1566 /* NewInspectionCell.xib */; };
		725372161714C48A00AB1566 /* NewInspectionCell.m in Sources */ = {isa = PBXBuildFile; fileRef = 725372151714C48A00AB1566 /* NewInspectionCell.m */; };
		725C8A53172986D3006F7A10 /* PickerViewHelper.m in Sources */ = {isa = PBXBuildFile; fileRef = 725C8A52172986D3006F7A10 /* PickerViewHelper.m */; };
		727F48621713133900BE87CE /* UIKit.framework in Frameworks */ = {isa = PBXBuildFile; fileRef = 727F48611713133900BE87CE /* UIKit.framework */; };
		727F48641713133900BE87CE /* Foundation.framework in Frameworks */ = {isa = PBXBuildFile; fileRef = 727F48631713133900BE87CE /* Foundation.framework */; };
		727F48661713133900BE87CE /* CoreGraphics.framework in Frameworks */ = {isa = PBXBuildFile; fileRef = 727F48651713133900BE87CE /* CoreGraphics.framework */; };
		727F486C1713133900BE87CE /* InfoPlist.strings in Resources */ = {isa = PBXBuildFile; fileRef = 727F486A1713133900BE87CE /* InfoPlist.strings */; };
		727F486E1713133900BE87CE /* main.m in Sources */ = {isa = PBXBuildFile; fileRef = 727F486D1713133900BE87CE /* main.m */; };
		727F48721713133900BE87CE /* AppDelegate.m in Sources */ = {isa = PBXBuildFile; fileRef = 727F48711713133900BE87CE /* AppDelegate.m */; };
		727F48741713133900BE87CE /* Default.png in Resources */ = {isa = PBXBuildFile; fileRef = 727F48731713133900BE87CE /* Default.png */; };
		727F48761713133900BE87CE /* Default@2x.png in Resources */ = {isa = PBXBuildFile; fileRef = 727F48751713133900BE87CE /* Default@2x.png */; };
		727F48781713133900BE87CE /* Default-568h@2x.png in Resources */ = {isa = PBXBuildFile; fileRef = 727F48771713133900BE87CE /* Default-568h@2x.png */; };
		727F487B1713133900BE87CE /* MainViewController.m in Sources */ = {isa = PBXBuildFile; fileRef = 727F487A1713133900BE87CE /* MainViewController.m */; };
		727F487E1713133900BE87CE /* MainViewController_iPhone.xib in Resources */ = {isa = PBXBuildFile; fileRef = 727F487C1713133900BE87CE /* MainViewController_iPhone.xib */; };
		727F48811713133900BE87CE /* MainViewController_iPad.xib in Resources */ = {isa = PBXBuildFile; fileRef = 727F487F1713133900BE87CE /* MainViewController_iPad.xib */; };
		727F488C1713179200BE87CE /* InspectionView.xib in Resources */ = {isa = PBXBuildFile; fileRef = 727F488B1713179200BE87CE /* InspectionView.xib */; };
		727F488E171318A700BE87CE /* PastInspectionsView.xib in Resources */ = {isa = PBXBuildFile; fileRef = 727F488D171318A700BE87CE /* PastInspectionsView.xib */; };
		727F4890171318C500BE87CE /* PastInspectionsSummary.xib in Resources */ = {isa = PBXBuildFile; fileRef = 727F488F171318C500BE87CE /* PastInspectionsSummary.xib */; };
		727F4892171318D500BE87CE /* NewInspectionsView.xib in Resources */ = {isa = PBXBuildFile; fileRef = 727F4891171318D500BE87CE /* NewInspectionsView.xib */; };
		727F48951713192200BE87CE /* PastInspectionsViewController.m in Sources */ = {isa = PBXBuildFile; fileRef = 727F48941713192200BE87CE /* PastInspectionsViewController.m */; };
		727F489817131AD700BE87CE /* PastInspectionsSummaryViewController.m in Sources */ = {isa = PBXBuildFile; fileRef = 727F489717131AD600BE87CE /* PastInspectionsSummaryViewController.m */; };
		727F489B17131C4100BE87CE /* NewInspectionsViewController.m in Sources */ = {isa = PBXBuildFile; fileRef = 727F489A17131C4100BE87CE /* NewInspectionsViewController.m */; };
		727F489E17131C8100BE87CE /* InspectionViewController.m in Sources */ = {isa = PBXBuildFile; fileRef = 727F489D17131C8100BE87CE /* InspectionViewController.m */; };
		727F48A11713226E00BE87CE /* CoreLocation.framework in Frameworks */ = {isa = PBXBuildFile; fileRef = 727F48A01713226E00BE87CE /* CoreLocation.framework */; };
		727F48A31713227900BE87CE /* MessageUI.framework in Frameworks */ = {isa = PBXBuildFile; fileRef = 727F48A21713227900BE87CE /* MessageUI.framework */; };
		727F48A51713228300BE87CE /* QuartzCore.framework in Frameworks */ = {isa = PBXBuildFile; fileRef = 727F48A41713228300BE87CE /* QuartzCore.framework */; };
		727F48A917132BA400BE87CE /* Inspection.m in Sources */ = {isa = PBXBuildFile; fileRef = 727F48A817132BA400BE87CE /* Inspection.m */; };
		727F48AC17132F5E00BE87CE /* GeneralSettings.m in Sources */ = {isa = PBXBuildFile; fileRef = 727F48AB17132F5E00BE87CE /* GeneralSettings.m */; };
		727F48AF17132F7000BE87CE /* SwitchBoard.m in Sources */ = {isa = PBXBuildFile; fileRef = 727F48AE17132F6F00BE87CE /* SwitchBoard.m */; };
		727F48B217132F8300BE87CE /* BatteryCharger.m in Sources */ = {isa = PBXBuildFile; fileRef = 727F48B117132F8200BE87CE /* BatteryCharger.m */; };
		727F48B517132F9400BE87CE /* CircuitSwitcher.m in Sources */ = {isa = PBXBuildFile; fileRef = 727F48B417132F9400BE87CE /* CircuitSwitcher.m */; };
		727F48B817132FA700BE87CE /* Transformer.m in Sources */ = {isa = PBXBuildFile; fileRef = 727F48B717132FA600BE87CE /* Transformer.m */; };
		727F48BB17132FB800BE87CE /* LTCRegulator.m in Sources */ = {isa = PBXBuildFile; fileRef = 727F48BA17132FB800BE87CE /* LTCRegulator.m */; };
		727F48BE17132FC700BE87CE /* Breakers.m in Sources */ = {isa = PBXBuildFile; fileRef = 727F48BD17132FC700BE87CE /* Breakers.m */; };
		727F48C21713449400BE87CE /* Station.m in Sources */ = {isa = PBXBuildFile; fileRef = 727F48C11713449300BE87CE /* Station.m */; };
		727F48C41713456D00BE87CE /* Stations.plist in Resources */ = {isa = PBXBuildFile; fileRef = 727F48C31713456D00BE87CE /* Stations.plist */; };
		727F48C91713694900BE87CE /* NavigationBarHelper.m in Sources */ = {isa = PBXBuildFile; fileRef = 727F48C81713694900BE87CE /* NavigationBarHelper.m */; };
		72BA7F66172587EA00AE3901 /* StationInformationOperation.m in Sources */ = {isa = PBXBuildFile; fileRef = 72BA7F65172587EA00AE3901 /* StationInformationOperation.m */; };
		72BA7F691725883A00AE3901 /* NetworkConnectionManager.m in Sources */ = {isa = PBXBuildFile; fileRef = 72BA7F681725883A00AE3901 /* NetworkConnectionManager.m */; };
		72BA7F6D17258ED000AE3901 /* StationNetworkFactory.m in Sources */ = {isa = PBXBuildFile; fileRef = 72BA7F6C17258ED000AE3901 /* StationNetworkFactory.m */; };
		72BA7F701725915800AE3901 /* AsyncRequest.m in Sources */ = {isa = PBXBuildFile; fileRef = 72BA7F6F1725915800AE3901 /* AsyncRequest.m */; };
		72BA7F751725D2B100AE3901 /* Field.m in Sources */ = {isa = PBXBuildFile; fileRef = 72BA7F741725D2B100AE3901 /* Field.m */; };
		72BC63A2171C509A003090A6 /* InspectionFormHelper.m in Sources */ = {isa = PBXBuildFile; fileRef = 72BC63A1171C509A003090A6 /* InspectionFormHelper.m */; };
		72BC63A5171C5A1A003090A6 /* InspectionContentCell.m in Sources */ = {isa = PBXBuildFile; fileRef = 72BC63A4171C5A1A003090A6 /* InspectionContentCell.m */; };
		72BC63A7171C5A33003090A6 /* InspectionContentCell.xib in Resources */ = {isa = PBXBuildFile; fileRef = 72BC63A6171C5A32003090A6 /* InspectionContentCell.xib */; };
		72BC63AA171C7EF2003090A6 /* InspectionCellHeaderView.m in Sources */ = {isa = PBXBuildFile; fileRef = 72BC63A9171C7EF2003090A6 /* InspectionCellHeaderView.m */; };
		72BC63AE171CAFD4003090A6 /* carat-open.png in Resources */ = {isa = PBXBuildFile; fileRef = 72BC63AC171CAFD4003090A6 /* carat-open.png */; };
		72BC63AF171CAFD4003090A6 /* carat.png in Resources */ = {isa = PBXBuildFile; fileRef = 72BC63AD171CAFD4003090A6 /* carat.png */; };
/* End PBXBuildFile section */

/* Begin PBXFileReference section */
		7211D9DA17185CD600BA8135 /* CustomLoadingView.h */ = {isa = PBXFileReference; fileEncoding = 4; lastKnownFileType = sourcecode.c.h; name = CustomLoadingView.h; path = CustomWidgets/CustomLoadingView.h; sourceTree = "<group>"; };
		7211D9DB17185CD600BA8135 /* CustomLoadingView.m */ = {isa = PBXFileReference; fileEncoding = 4; lastKnownFileType = sourcecode.c.objc; name = CustomLoadingView.m; path = CustomWidgets/CustomLoadingView.m; sourceTree = "<group>"; };
		7211D9DD17189ED600BA8135 /* MenuButtonHelper.h */ = {isa = PBXFileReference; fileEncoding = 4; lastKnownFileType = sourcecode.c.h; name = MenuButtonHelper.h; path = Helper/MenuButtonHelper.h; sourceTree = "<group>"; };
		7211D9DE17189ED600BA8135 /* MenuButtonHelper.m */ = {isa = PBXFileReference; fileEncoding = 4; lastKnownFileType = sourcecode.c.objc; name = MenuButtonHelper.m; path = Helper/MenuButtonHelper.m; sourceTree = "<group>"; };
		72244DCE173DCC0200279B80 /* NSData+HexString.h */ = {isa = PBXFileReference; fileEncoding = 4; lastKnownFileType = sourcecode.c.h; name = "NSData+HexString.h"; path = "Helper/NSData+HexString.h"; sourceTree = "<group>"; };
		72244DCF173DCC0200279B80 /* NSData+HexString.m */ = {isa = PBXFileReference; fileEncoding = 4; lastKnownFileType = sourcecode.c.objc; name = "NSData+HexString.m"; path = "Helper/NSData+HexString.m"; sourceTree = "<group>"; };
		72263BF01746796300AAC461 /* UIColor+HexString.h */ = {isa = PBXFileReference; fileEncoding = 4; lastKnownFileType = sourcecode.c.h; name = "UIColor+HexString.h"; path = "Helper/UIColor+HexString.h"; sourceTree = "<group>"; };
		72263BF11746796300AAC461 /* UIColor+HexString.m */ = {isa = PBXFileReference; fileEncoding = 4; lastKnownFileType = sourcecode.c.objc; name = "UIColor+HexString.m"; path = "Helper/UIColor+HexString.m"; sourceTree = "<group>"; };
		72263BF317467C9000AAC461 /* closed.png */ = {isa = PBXFileReference; lastKnownFileType = image.png; name = closed.png; path = Resources/Images/closed.png; sourceTree = "<group>"; };
		72263BF417467C9000AAC461 /* darktanlinebreak.png */ = {isa = PBXFileReference; lastKnownFileType = image.png; name = darktanlinebreak.png; path = Resources/Images/darktanlinebreak.png; sourceTree = "<group>"; };
		72263BF517467C9000AAC461 /* greendot.png */ = {isa = PBXFileReference; lastKnownFileType = image.png; name = greendot.png; path = Resources/Images/greendot.png; sourceTree = "<group>"; };
		72263BF617467C9000AAC461 /* open.png */ = {isa = PBXFileReference; lastKnownFileType = image.png; name = open.png; path = Resources/Images/open.png; sourceTree = "<group>"; };
		72263BF717467C9000AAC461 /* reddot.png */ = {isa = PBXFileReference; lastKnownFileType = image.png; name = reddot.png; path = Resources/Images/reddot.png; sourceTree = "<group>"; };
		72263BF817467C9000AAC461 /* shadowgradient.png */ = {isa = PBXFileReference; lastKnownFileType = image.png; name = shadowgradient.png; path = Resources/Images/shadowgradient.png; sourceTree = "<group>"; };
		72263BF917467C9000AAC461 /* tanlinebreak.png */ = {isa = PBXFileReference; lastKnownFileType = image.png; name = tanlinebreak.png; path = Resources/Images/tanlinebreak.png; sourceTree = "<group>"; };
		72263C011746DCC300AAC461 /* icon.png */ = {isa = PBXFileReference; lastKnownFileType = image.png; name = icon.png; path = Resources/Images/icon.png; sourceTree = "<group>"; };
		72263C021746DCC300AAC461 /* icon@2x.png */ = {isa = PBXFileReference; lastKnownFileType = image.png; name = "icon@2x.png"; path = "Resources/Images/icon@2x.png"; sourceTree = "<group>"; };
		7228679D173D4CF500DB1EEA /* PastInspectionsCell.h */ = {isa = PBXFileReference; fileEncoding = 4; lastKnownFileType = sourcecode.c.h; name = PastInspectionsCell.h; path = TableViewCells/PastInspectionsCell.h; sourceTree = "<group>"; };
		7228679E173D4CF500DB1EEA /* PastInspectionsCell.m */ = {isa = PBXFileReference; fileEncoding = 4; lastKnownFileType = sourcecode.c.objc; name = PastInspectionsCell.m; path = TableViewCells/PastInspectionsCell.m; sourceTree = "<group>"; };
		722867A0173D4D0E00DB1EEA /* PastInspectionsCell.xib */ = {isa = PBXFileReference; fileEncoding = 4; lastKnownFileType = file.xib; name = PastInspectionsCell.xib; path = TableViewCells/PastInspectionsCell.xib; sourceTree = "<group>"; };
		72383C631726E337003F9FE3 /* RenderPDFViewController.h */ = {isa = PBXFileReference; fileEncoding = 4; lastKnownFileType = sourcecode.c.h; name = RenderPDFViewController.h; path = ViewControllers/RenderPDFViewController.h; sourceTree = "<group>"; };
		72383C641726E337003F9FE3 /* RenderPDFViewController.m */ = {isa = PBXFileReference; fileEncoding = 4; lastKnownFileType = sourcecode.c.objc; name = RenderPDFViewController.m; path = ViewControllers/RenderPDFViewController.m; sourceTree = "<group>"; };
		72383C661726E389003F9FE3 /* RenderPDFViewController.xib */ = {isa = PBXFileReference; fileEncoding = 4; lastKnownFileType = file.xib; name = RenderPDFViewController.xib; path = NIBs/RenderPDFViewController.xib; sourceTree = "<group>"; };
		724CC8961715A64700EBD6B8 /* LocationHelper.h */ = {isa = PBXFileReference; fileEncoding = 4; lastKnownFileType = sourcecode.c.h; name = LocationHelper.h; path = Helper/LocationHelper.h; sourceTree = "<group>"; };
		724CC8971715A64700EBD6B8 /* LocationHelper.m */ = {isa = PBXFileReference; fileEncoding = 4; lastKnownFileType = sourcecode.c.objc; name = LocationHelper.m; path = Helper/LocationHelper.m; sourceTree = "<group>"; };
		725372121714C3FB00AB1566 /* NewInspectionCell.xib */ = {isa = PBXFileReference; fileEncoding = 4; lastKnownFileType = file.xib; name = NewInspectionCell.xib; path = TableViewCells/NewInspectionCell.xib; sourceTree = "<group>"; };
		725372141714C48A00AB1566 /* NewInspectionCell.h */ = {isa = PBXFileReference; fileEncoding = 4; lastKnownFileType = sourcecode.c.h; name = NewInspectionCell.h; path = TableViewCells/NewInspectionCell.h; sourceTree = "<group>"; };
		725372151714C48A00AB1566 /* NewInspectionCell.m */ = {isa = PBXFileReference; fileEncoding = 4; lastKnownFileType = sourcecode.c.objc; name = NewInspectionCell.m; path = TableViewCells/NewInspectionCell.m; sourceTree = "<group>"; };
		725C8A51172986D3006F7A10 /* PickerViewHelper.h */ = {isa = PBXFileReference; fileEncoding = 4; lastKnownFileType = sourcecode.c.h; name = PickerViewHelper.h; path = Helper/PickerViewHelper.h; sourceTree = "<group>"; };
		725C8A52172986D3006F7A10 /* PickerViewHelper.m */ = {isa = PBXFileReference; fileEncoding = 4; lastKnownFileType = sourcecode.c.objc; name = PickerViewHelper.m; path = Helper/PickerViewHelper.m; sourceTree = "<group>"; };
		727F485E1713133900BE87CE /* GUC.app */ = {isa = PBXFileReference; explicitFileType = wrapper.application; includeInIndex = 0; path = GUC.app; sourceTree = BUILT_PRODUCTS_DIR; };
		727F48611713133900BE87CE /* UIKit.framework */ = {isa = PBXFileReference; lastKnownFileType = wrapper.framework; name = UIKit.framework; path = System/Library/Frameworks/UIKit.framework; sourceTree = SDKROOT; };
		727F48631713133900BE87CE /* Foundation.framework */ = {isa = PBXFileReference; lastKnownFileType = wrapper.framework; name = Foundation.framework; path = System/Library/Frameworks/Foundation.framework; sourceTree = SDKROOT; };
		727F48651713133900BE87CE /* CoreGraphics.framework */ = {isa = PBXFileReference; lastKnownFileType = wrapper.framework; name = CoreGraphics.framework; path = System/Library/Frameworks/CoreGraphics.framework; sourceTree = SDKROOT; };
		727F48691713133900BE87CE /* GUC-Info.plist */ = {isa = PBXFileReference; lastKnownFileType = text.plist.xml; path = "GUC-Info.plist"; sourceTree = "<group>"; };
		727F486B1713133900BE87CE /* en */ = {isa = PBXFileReference; lastKnownFileType = text.plist.strings; name = en; path = en.lproj/InfoPlist.strings; sourceTree = "<group>"; };
		727F486D1713133900BE87CE /* main.m */ = {isa = PBXFileReference; lastKnownFileType = sourcecode.c.objc; path = main.m; sourceTree = "<group>"; };
		727F486F1713133900BE87CE /* GUC-Prefix.pch */ = {isa = PBXFileReference; lastKnownFileType = sourcecode.c.h; path = "GUC-Prefix.pch"; sourceTree = "<group>"; };
		727F48701713133900BE87CE /* AppDelegate.h */ = {isa = PBXFileReference; lastKnownFileType = sourcecode.c.h; path = AppDelegate.h; sourceTree = "<group>"; };
		727F48711713133900BE87CE /* AppDelegate.m */ = {isa = PBXFileReference; lastKnownFileType = sourcecode.c.objc; path = AppDelegate.m; sourceTree = "<group>"; };
		727F48731713133900BE87CE /* Default.png */ = {isa = PBXFileReference; lastKnownFileType = image.png; path = Default.png; sourceTree = "<group>"; };
		727F48751713133900BE87CE /* Default@2x.png */ = {isa = PBXFileReference; lastKnownFileType = image.png; path = "Default@2x.png"; sourceTree = "<group>"; };
		727F48771713133900BE87CE /* Default-568h@2x.png */ = {isa = PBXFileReference; lastKnownFileType = image.png; path = "Default-568h@2x.png"; sourceTree = "<group>"; };
		727F48791713133900BE87CE /* MainViewController.h */ = {isa = PBXFileReference; lastKnownFileType = sourcecode.c.h; name = MainViewController.h; path = ViewControllers/MainViewController.h; sourceTree = "<group>"; };
		727F487A1713133900BE87CE /* MainViewController.m */ = {isa = PBXFileReference; lastKnownFileType = sourcecode.c.objc; name = MainViewController.m; path = ViewControllers/MainViewController.m; sourceTree = "<group>"; };
		727F487D1713133900BE87CE /* en */ = {isa = PBXFileReference; lastKnownFileType = file.xib; name = en; path = en.lproj/MainViewController_iPhone.xib; sourceTree = "<group>"; };
		727F48801713133900BE87CE /* en */ = {isa = PBXFileReference; lastKnownFileType = file.xib; name = en; path = en.lproj/MainViewController_iPad.xib; sourceTree = "<group>"; };
		727F488B1713179200BE87CE /* InspectionView.xib */ = {isa = PBXFileReference; fileEncoding = 4; lastKnownFileType = file.xib; name = InspectionView.xib; path = NIBs/InspectionView.xib; sourceTree = "<group>"; };
		727F488D171318A700BE87CE /* PastInspectionsView.xib */ = {isa = PBXFileReference; fileEncoding = 4; lastKnownFileType = file.xib; name = PastInspectionsView.xib; path = NIBs/PastInspectionsView.xib; sourceTree = "<group>"; };
		727F488F171318C500BE87CE /* PastInspectionsSummary.xib */ = {isa = PBXFileReference; fileEncoding = 4; lastKnownFileType = file.xib; name = PastInspectionsSummary.xib; path = NIBs/PastInspectionsSummary.xib; sourceTree = "<group>"; };
		727F4891171318D500BE87CE /* NewInspectionsView.xib */ = {isa = PBXFileReference; fileEncoding = 4; lastKnownFileType = file.xib; name = NewInspectionsView.xib; path = NIBs/NewInspectionsView.xib; sourceTree = "<group>"; };
		727F48931713192200BE87CE /* PastInspectionsViewController.h */ = {isa = PBXFileReference; fileEncoding = 4; lastKnownFileType = sourcecode.c.h; name = PastInspectionsViewController.h; path = ViewControllers/PastInspectionsViewController.h; sourceTree = "<group>"; };
		727F48941713192200BE87CE /* PastInspectionsViewController.m */ = {isa = PBXFileReference; fileEncoding = 4; lastKnownFileType = sourcecode.c.objc; name = PastInspectionsViewController.m; path = ViewControllers/PastInspectionsViewController.m; sourceTree = "<group>"; };
		727F489617131AD600BE87CE /* PastInspectionsSummaryViewController.h */ = {isa = PBXFileReference; fileEncoding = 4; lastKnownFileType = sourcecode.c.h; name = PastInspectionsSummaryViewController.h; path = ViewControllers/PastInspectionsSummaryViewController.h; sourceTree = "<group>"; };
		727F489717131AD600BE87CE /* PastInspectionsSummaryViewController.m */ = {isa = PBXFileReference; fileEncoding = 4; lastKnownFileType = sourcecode.c.objc; name = PastInspectionsSummaryViewController.m; path = ViewControllers/PastInspectionsSummaryViewController.m; sourceTree = "<group>"; };
		727F489917131C4100BE87CE /* NewInspectionsViewController.h */ = {isa = PBXFileReference; fileEncoding = 4; lastKnownFileType = sourcecode.c.h; name = NewInspectionsViewController.h; path = ViewControllers/NewInspectionsViewController.h; sourceTree = "<group>"; };
		727F489A17131C4100BE87CE /* NewInspectionsViewController.m */ = {isa = PBXFileReference; fileEncoding = 4; lastKnownFileType = sourcecode.c.objc; name = NewInspectionsViewController.m; path = ViewControllers/NewInspectionsViewController.m; sourceTree = "<group>"; };
		727F489C17131C8100BE87CE /* InspectionViewController.h */ = {isa = PBXFileReference; fileEncoding = 4; lastKnownFileType = sourcecode.c.h; name = InspectionViewController.h; path = ViewControllers/InspectionViewController.h; sourceTree = "<group>"; };
		727F489D17131C8100BE87CE /* InspectionViewController.m */ = {isa = PBXFileReference; fileEncoding = 4; lastKnownFileType = sourcecode.c.objc; name = InspectionViewController.m; path = ViewControllers/InspectionViewController.m; sourceTree = "<group>"; };
		727F48A01713226E00BE87CE /* CoreLocation.framework */ = {isa = PBXFileReference; lastKnownFileType = wrapper.framework; name = CoreLocation.framework; path = System/Library/Frameworks/CoreLocation.framework; sourceTree = SDKROOT; };
		727F48A21713227900BE87CE /* MessageUI.framework */ = {isa = PBXFileReference; lastKnownFileType = wrapper.framework; name = MessageUI.framework; path = System/Library/Frameworks/MessageUI.framework; sourceTree = SDKROOT; };
		727F48A41713228300BE87CE /* QuartzCore.framework */ = {isa = PBXFileReference; lastKnownFileType = wrapper.framework; name = QuartzCore.framework; path = System/Library/Frameworks/QuartzCore.framework; sourceTree = SDKROOT; };
		727F48A717132BA400BE87CE /* Inspection.h */ = {isa = PBXFileReference; fileEncoding = 4; lastKnownFileType = sourcecode.c.h; name = Inspection.h; path = Models/Inspection/Inspection.h; sourceTree = "<group>"; };
		727F48A817132BA400BE87CE /* Inspection.m */ = {isa = PBXFileReference; fileEncoding = 4; lastKnownFileType = sourcecode.c.objc; name = Inspection.m; path = Models/Inspection/Inspection.m; sourceTree = "<group>"; };
		727F48AA17132F5E00BE87CE /* GeneralSettings.h */ = {isa = PBXFileReference; fileEncoding = 4; lastKnownFileType = sourcecode.c.h; name = GeneralSettings.h; path = Models/Inspection/GeneralSettings.h; sourceTree = "<group>"; };
		727F48AB17132F5E00BE87CE /* GeneralSettings.m */ = {isa = PBXFileReference; fileEncoding = 4; lastKnownFileType = sourcecode.c.objc; name = GeneralSettings.m; path = Models/Inspection/GeneralSettings.m; sourceTree = "<group>"; };
		727F48AD17132F6F00BE87CE /* SwitchBoard.h */ = {isa = PBXFileReference; fileEncoding = 4; lastKnownFileType = sourcecode.c.h; name = SwitchBoard.h; path = Models/Inspection/SwitchBoard.h; sourceTree = "<group>"; };
		727F48AE17132F6F00BE87CE /* SwitchBoard.m */ = {isa = PBXFileReference; fileEncoding = 4; lastKnownFileType = sourcecode.c.objc; name = SwitchBoard.m; path = Models/Inspection/SwitchBoard.m; sourceTree = "<group>"; };
		727F48B017132F8200BE87CE /* BatteryCharger.h */ = {isa = PBXFileReference; fileEncoding = 4; lastKnownFileType = sourcecode.c.h; name = BatteryCharger.h; path = Models/Inspection/BatteryCharger.h; sourceTree = "<group>"; };
		727F48B117132F8200BE87CE /* BatteryCharger.m */ = {isa = PBXFileReference; fileEncoding = 4; lastKnownFileType = sourcecode.c.objc; name = BatteryCharger.m; path = Models/Inspection/BatteryCharger.m; sourceTree = "<group>"; };
		727F48B317132F9400BE87CE /* CircuitSwitcher.h */ = {isa = PBXFileReference; fileEncoding = 4; lastKnownFileType = sourcecode.c.h; name = CircuitSwitcher.h; path = Models/Inspection/CircuitSwitcher.h; sourceTree = "<group>"; };
		727F48B417132F9400BE87CE /* CircuitSwitcher.m */ = {isa = PBXFileReference; fileEncoding = 4; lastKnownFileType = sourcecode.c.objc; name = CircuitSwitcher.m; path = Models/Inspection/CircuitSwitcher.m; sourceTree = "<group>"; };
		727F48B617132FA600BE87CE /* Transformer.h */ = {isa = PBXFileReference; fileEncoding = 4; lastKnownFileType = sourcecode.c.h; name = Transformer.h; path = Models/Inspection/Transformer.h; sourceTree = "<group>"; };
		727F48B717132FA600BE87CE /* Transformer.m */ = {isa = PBXFileReference; fileEncoding = 4; lastKnownFileType = sourcecode.c.objc; name = Transformer.m; path = Models/Inspection/Transformer.m; sourceTree = "<group>"; };
		727F48B917132FB800BE87CE /* LTCRegulator.h */ = {isa = PBXFileReference; fileEncoding = 4; lastKnownFileType = sourcecode.c.h; name = LTCRegulator.h; path = Models/Inspection/LTCRegulator.h; sourceTree = "<group>"; };
		727F48BA17132FB800BE87CE /* LTCRegulator.m */ = {isa = PBXFileReference; fileEncoding = 4; lastKnownFileType = sourcecode.c.objc; name = LTCRegulator.m; path = Models/Inspection/LTCRegulator.m; sourceTree = "<group>"; };
		727F48BC17132FC700BE87CE /* Breakers.h */ = {isa = PBXFileReference; fileEncoding = 4; lastKnownFileType = sourcecode.c.h; name = Breakers.h; path = Models/Inspection/Breakers.h; sourceTree = "<group>"; };
		727F48BD17132FC700BE87CE /* Breakers.m */ = {isa = PBXFileReference; fileEncoding = 4; lastKnownFileType = sourcecode.c.objc; name = Breakers.m; path = Models/Inspection/Breakers.m; sourceTree = "<group>"; };
		727F48C01713449300BE87CE /* Station.h */ = {isa = PBXFileReference; fileEncoding = 4; lastKnownFileType = sourcecode.c.h; name = Station.h; path = Models/Station.h; sourceTree = "<group>"; };
		727F48C11713449300BE87CE /* Station.m */ = {isa = PBXFileReference; fileEncoding = 4; lastKnownFileType = sourcecode.c.objc; name = Station.m; path = Models/Station.m; sourceTree = "<group>"; };
		727F48C31713456D00BE87CE /* Stations.plist */ = {isa = PBXFileReference; fileEncoding = 4; lastKnownFileType = text.plist.xml; name = Stations.plist; path = Resources/Plists/Stations.plist; sourceTree = "<group>"; };
		727F48C71713694900BE87CE /* NavigationBarHelper.h */ = {isa = PBXFileReference; fileEncoding = 4; lastKnownFileType = sourcecode.c.h; name = NavigationBarHelper.h; path = Helper/NavigationBarHelper.h; sourceTree = "<group>"; };
		727F48C81713694900BE87CE /* NavigationBarHelper.m */ = {isa = PBXFileReference; fileEncoding = 4; lastKnownFileType = sourcecode.c.objc; name = NavigationBarHelper.m; path = Helper/NavigationBarHelper.m; sourceTree = "<group>"; };
		72BA7F64172587EA00AE3901 /* StationInformationOperation.h */ = {isa = PBXFileReference; fileEncoding = 4; lastKnownFileType = sourcecode.c.h; name = StationInformationOperation.h; path = Network/StationInformationOperation.h; sourceTree = "<group>"; };
		72BA7F65172587EA00AE3901 /* StationInformationOperation.m */ = {isa = PBXFileReference; fileEncoding = 4; lastKnownFileType = sourcecode.c.objc; name = StationInformationOperation.m; path = Network/StationInformationOperation.m; sourceTree = "<group>"; };
		72BA7F671725883A00AE3901 /* NetworkConnectionManager.h */ = {isa = PBXFileReference; fileEncoding = 4; lastKnownFileType = sourcecode.c.h; name = NetworkConnectionManager.h; path = Helper/NetworkConnectionManager.h; sourceTree = "<group>"; };
		72BA7F681725883A00AE3901 /* NetworkConnectionManager.m */ = {isa = PBXFileReference; fileEncoding = 4; lastKnownFileType = sourcecode.c.objc; name = NetworkConnectionManager.m; path = Helper/NetworkConnectionManager.m; sourceTree = "<group>"; };
		72BA7F6B17258ED000AE3901 /* StationNetworkFactory.h */ = {isa = PBXFileReference; fileEncoding = 4; lastKnownFileType = sourcecode.c.h; name = StationNetworkFactory.h; path = Network/StationNetworkFactory.h; sourceTree = "<group>"; };
		72BA7F6C17258ED000AE3901 /* StationNetworkFactory.m */ = {isa = PBXFileReference; fileEncoding = 4; lastKnownFileType = sourcecode.c.objc; name = StationNetworkFactory.m; path = Network/StationNetworkFactory.m; sourceTree = "<group>"; };
		72BA7F6E1725915800AE3901 /* AsyncRequest.h */ = {isa = PBXFileReference; fileEncoding = 4; lastKnownFileType = sourcecode.c.h; name = AsyncRequest.h; path = Network/AsyncRequest.h; sourceTree = "<group>"; };
		72BA7F6F1725915800AE3901 /* AsyncRequest.m */ = {isa = PBXFileReference; fileEncoding = 4; lastKnownFileType = sourcecode.c.objc; name = AsyncRequest.m; path = Network/AsyncRequest.m; sourceTree = "<group>"; };
		72BA7F731725D2B100AE3901 /* Field.h */ = {isa = PBXFileReference; fileEncoding = 4; lastKnownFileType = sourcecode.c.h; name = Field.h; path = Models/Field.h; sourceTree = "<group>"; };
		72BA7F741725D2B100AE3901 /* Field.m */ = {isa = PBXFileReference; fileEncoding = 4; lastKnownFileType = sourcecode.c.objc; name = Field.m; path = Models/Field.m; sourceTree = "<group>"; };
		72BC63A0171C509A003090A6 /* InspectionFormHelper.h */ = {isa = PBXFileReference; fileEncoding = 4; lastKnownFileType = sourcecode.c.h; name = InspectionFormHelper.h; path = Helper/InspectionFormHelper.h; sourceTree = "<group>"; };
		72BC63A1171C509A003090A6 /* InspectionFormHelper.m */ = {isa = PBXFileReference; fileEncoding = 4; lastKnownFileType = sourcecode.c.objc; name = InspectionFormHelper.m; path = Helper/InspectionFormHelper.m; sourceTree = "<group>"; };
		72BC63A3171C5A1A003090A6 /* InspectionContentCell.h */ = {isa = PBXFileReference; fileEncoding = 4; lastKnownFileType = sourcecode.c.h; name = InspectionContentCell.h; path = TableViewCells/InspectionContentCell.h; sourceTree = "<group>"; };
		72BC63A4171C5A1A003090A6 /* InspectionContentCell.m */ = {isa = PBXFileReference; fileEncoding = 4; lastKnownFileType = sourcecode.c.objc; name = InspectionContentCell.m; path = TableViewCells/InspectionContentCell.m; sourceTree = "<group>"; };
		72BC63A6171C5A32003090A6 /* InspectionContentCell.xib */ = {isa = PBXFileReference; fileEncoding = 4; lastKnownFileType = file.xib; name = InspectionContentCell.xib; path = TableViewCells/InspectionContentCell.xib; sourceTree = "<group>"; };
		72BC63A8171C7EF2003090A6 /* InspectionCellHeaderView.h */ = {isa = PBXFileReference; fileEncoding = 4; lastKnownFileType = sourcecode.c.h; name = InspectionCellHeaderView.h; path = ViewControllers/InspectionCellHeaderView.h; sourceTree = "<group>"; };
		72BC63A9171C7EF2003090A6 /* InspectionCellHeaderView.m */ = {isa = PBXFileReference; fileEncoding = 4; lastKnownFileType = sourcecode.c.objc; name = InspectionCellHeaderView.m; path = ViewControllers/InspectionCellHeaderView.m; sourceTree = "<group>"; };
		72BC63AC171CAFD4003090A6 /* carat-open.png */ = {isa = PBXFileReference; lastKnownFileType = image.png; name = "carat-open.png"; path = "Resources/Images/carat-open.png"; sourceTree = "<group>"; };
		72BC63AD171CAFD4003090A6 /* carat.png */ = {isa = PBXFileReference; lastKnownFileType = image.png; name = carat.png; path = Resources/Images/carat.png; sourceTree = "<group>"; };
/* End PBXFileReference section */

/* Begin PBXFrameworksBuildPhase section */
		727F485B1713133900BE87CE /* Frameworks */ = {
			isa = PBXFrameworksBuildPhase;
			buildActionMask = 2147483647;
			files = (
				727F48A51713228300BE87CE /* QuartzCore.framework in Frameworks */,
				727F48A31713227900BE87CE /* MessageUI.framework in Frameworks */,
				727F48A11713226E00BE87CE /* CoreLocation.framework in Frameworks */,
				727F48621713133900BE87CE /* UIKit.framework in Frameworks */,
				727F48641713133900BE87CE /* Foundation.framework in Frameworks */,
				727F48661713133900BE87CE /* CoreGraphics.framework in Frameworks */,
			);
			runOnlyForDeploymentPostprocessing = 0;
		};
/* End PBXFrameworksBuildPhase section */

/* Begin PBXGroup section */
		724CC8991715A65900EBD6B8 /* CustomWidgets */ = {
			isa = PBXGroup;
			children = (
				7211D9DA17185CD600BA8135 /* CustomLoadingView.h */,
				7211D9DB17185CD600BA8135 /* CustomLoadingView.m */,
			);
			name = CustomWidgets;
			sourceTree = "<group>";
		};
		725372111714C3A400AB1566 /* TableViewCells */ = {
			isa = PBXGroup;
			children = (
				725372141714C48A00AB1566 /* NewInspectionCell.h */,
				725372151714C48A00AB1566 /* NewInspectionCell.m */,
				725372121714C3FB00AB1566 /* NewInspectionCell.xib */,
				72BC63A3171C5A1A003090A6 /* InspectionContentCell.h */,
				72BC63A4171C5A1A003090A6 /* InspectionContentCell.m */,
				72BC63A6171C5A32003090A6 /* InspectionContentCell.xib */,
				7228679D173D4CF500DB1EEA /* PastInspectionsCell.h */,
				7228679E173D4CF500DB1EEA /* PastInspectionsCell.m */,
				722867A0173D4D0E00DB1EEA /* PastInspectionsCell.xib */,
			);
			name = TableViewCells;
			sourceTree = "<group>";
		};
		727F48551713133900BE87CE = {
			isa = PBXGroup;
			children = (
				727F48671713133900BE87CE /* GUC */,
				727F48601713133900BE87CE /* Frameworks */,
				727F485F1713133900BE87CE /* Products */,
			);
			sourceTree = "<group>";
		};
		727F485F1713133900BE87CE /* Products */ = {
			isa = PBXGroup;
			children = (
				727F485E1713133900BE87CE /* GUC.app */,
			);
			name = Products;
			sourceTree = "<group>";
		};
		727F48601713133900BE87CE /* Frameworks */ = {
			isa = PBXGroup;
			children = (
				727F48651713133900BE87CE /* CoreGraphics.framework */,
				727F48A01713226E00BE87CE /* CoreLocation.framework */,
				727F48631713133900BE87CE /* Foundation.framework */,
				727F48A21713227900BE87CE /* MessageUI.framework */,
				727F48611713133900BE87CE /* UIKit.framework */,
				727F48A41713228300BE87CE /* QuartzCore.framework */,
			);
			name = Frameworks;
			sourceTree = "<group>";
		};
		727F48671713133900BE87CE /* GUC */ = {
			isa = PBXGroup;
			children = (
				727F48701713133900BE87CE /* AppDelegate.h */,
				727F48711713133900BE87CE /* AppDelegate.m */,
				727F48871713138F00BE87CE /* ViewControllers */,
				727F4889171313B900BE87CE /* Models */,
				727F48C61713691400BE87CE /* Helper */,
				72BA7F63172586B200AE3901 /* Network */,
				724CC8991715A65900EBD6B8 /* CustomWidgets */,
				727F4888171313A500BE87CE /* NIBs */,
				725372111714C3A400AB1566 /* TableViewCells */,
				727F488A171313C700BE87CE /* Resources */,
				727F48681713133900BE87CE /* Supporting Files */,
			);
			path = GUC;
			sourceTree = "<group>";
		};
		727F48681713133900BE87CE /* Supporting Files */ = {
			isa = PBXGroup;
			children = (
				727F48691713133900BE87CE /* GUC-Info.plist */,
				727F486A1713133900BE87CE /* InfoPlist.strings */,
				727F486D1713133900BE87CE /* main.m */,
				727F486F1713133900BE87CE /* GUC-Prefix.pch */,
				727F48731713133900BE87CE /* Default.png */,
				727F48751713133900BE87CE /* Default@2x.png */,
				727F48771713133900BE87CE /* Default-568h@2x.png */,
			);
			name = "Supporting Files";
			sourceTree = "<group>";
		};
		727F48871713138F00BE87CE /* ViewControllers */ = {
			isa = PBXGroup;
			children = (
				727F489C17131C8100BE87CE /* InspectionViewController.h */,
				727F489D17131C8100BE87CE /* InspectionViewController.m */,
				72BC63A8171C7EF2003090A6 /* InspectionCellHeaderView.h */,
				72BC63A9171C7EF2003090A6 /* InspectionCellHeaderView.m */,
				727F48791713133900BE87CE /* MainViewController.h */,
				727F487A1713133900BE87CE /* MainViewController.m */,
				727F489917131C4100BE87CE /* NewInspectionsViewController.h */,
				727F489A17131C4100BE87CE /* NewInspectionsViewController.m */,
				727F489617131AD600BE87CE /* PastInspectionsSummaryViewController.h */,
				727F489717131AD600BE87CE /* PastInspectionsSummaryViewController.m */,
				727F48931713192200BE87CE /* PastInspectionsViewController.h */,
				727F48941713192200BE87CE /* PastInspectionsViewController.m */,
				72383C631726E337003F9FE3 /* RenderPDFViewController.h */,
				72383C641726E337003F9FE3 /* RenderPDFViewController.m */,
			);
			name = ViewControllers;
			sourceTree = "<group>";
		};
		727F4888171313A500BE87CE /* NIBs */ = {
			isa = PBXGroup;
			children = (
				727F488B1713179200BE87CE /* InspectionView.xib */,
				72383C661726E389003F9FE3 /* RenderPDFViewController.xib */,
				727F4891171318D500BE87CE /* NewInspectionsView.xib */,
				727F488F171318C500BE87CE /* PastInspectionsSummary.xib */,
				727F488D171318A700BE87CE /* PastInspectionsView.xib */,
				727F487C1713133900BE87CE /* MainViewController_iPhone.xib */,
				727F487F1713133900BE87CE /* MainViewController_iPad.xib */,
			);
			name = NIBs;
			sourceTree = "<group>";
		};
		727F4889171313B900BE87CE /* Models */ = {
			isa = PBXGroup;
			children = (
				727F48BF17133E8A00BE87CE /* Inspection */,
				727F48C01713449300BE87CE /* Station.h */,
				727F48C11713449300BE87CE /* Station.m */,
				72BA7F731725D2B100AE3901 /* Field.h */,
				72BA7F741725D2B100AE3901 /* Field.m */,
			);
			name = Models;
			sourceTree = "<group>";
		};
		727F488A171313C700BE87CE /* Resources */ = {
			isa = PBXGroup;
			children = (
				72BC63AB171CAFA2003090A6 /* Images */,
				727F489F1713212F00BE87CE /* Plists */,
			);
			name = Resources;
			sourceTree = "<group>";
		};
		727F489F1713212F00BE87CE /* Plists */ = {
			isa = PBXGroup;
			children = (
				727F48C31713456D00BE87CE /* Stations.plist */,
			);
			name = Plists;
			sourceTree = "<group>";
		};
		727F48BF17133E8A00BE87CE /* Inspection */ = {
			isa = PBXGroup;
			children = (
				727F48A717132BA400BE87CE /* Inspection.h */,
				727F48A817132BA400BE87CE /* Inspection.m */,
				727F48AA17132F5E00BE87CE /* GeneralSettings.h */,
				727F48AB17132F5E00BE87CE /* GeneralSettings.m */,
				727F48AD17132F6F00BE87CE /* SwitchBoard.h */,
				727F48AE17132F6F00BE87CE /* SwitchBoard.m */,
				727F48B017132F8200BE87CE /* BatteryCharger.h */,
				727F48B117132F8200BE87CE /* BatteryCharger.m */,
				727F48B317132F9400BE87CE /* CircuitSwitcher.h */,
				727F48B417132F9400BE87CE /* CircuitSwitcher.m */,
				727F48B617132FA600BE87CE /* Transformer.h */,
				727F48B717132FA600BE87CE /* Transformer.m */,
				727F48B917132FB800BE87CE /* LTCRegulator.h */,
				727F48BA17132FB800BE87CE /* LTCRegulator.m */,
				727F48BC17132FC700BE87CE /* Breakers.h */,
				727F48BD17132FC700BE87CE /* Breakers.m */,
			);
			name = Inspection;
			sourceTree = "<group>";
		};
		727F48C61713691400BE87CE /* Helper */ = {
			isa = PBXGroup;
			children = (
				727F48C71713694900BE87CE /* NavigationBarHelper.h */,
				727F48C81713694900BE87CE /* NavigationBarHelper.m */,
				725C8A51172986D3006F7A10 /* PickerViewHelper.h */,
				725C8A52172986D3006F7A10 /* PickerViewHelper.m */,
				724CC8961715A64700EBD6B8 /* LocationHelper.h */,
				724CC8971715A64700EBD6B8 /* LocationHelper.m */,
				7211D9DD17189ED600BA8135 /* MenuButtonHelper.h */,
				7211D9DE17189ED600BA8135 /* MenuButtonHelper.m */,
				72BC63A0171C509A003090A6 /* InspectionFormHelper.h */,
				72BC63A1171C509A003090A6 /* InspectionFormHelper.m */,
				72BA7F671725883A00AE3901 /* NetworkConnectionManager.h */,
				72BA7F681725883A00AE3901 /* NetworkConnectionManager.m */,
				72244DCE173DCC0200279B80 /* NSData+HexString.h */,
				72244DCF173DCC0200279B80 /* NSData+HexString.m */,
				72263BF01746796300AAC461 /* UIColor+HexString.h */,
				72263BF11746796300AAC461 /* UIColor+HexString.m */,
			);
			name = Helper;
			sourceTree = "<group>";
		};
		72BA7F63172586B200AE3901 /* Network */ = {
			isa = PBXGroup;
			children = (
				72BA7F64172587EA00AE3901 /* StationInformationOperation.h */,
				72BA7F65172587EA00AE3901 /* StationInformationOperation.m */,
				72BA7F6B17258ED000AE3901 /* StationNetworkFactory.h */,
				72BA7F6C17258ED000AE3901 /* StationNetworkFactory.m */,
				72BA7F6E1725915800AE3901 /* AsyncRequest.h */,
				72BA7F6F1725915800AE3901 /* AsyncRequest.m */,
			);
			name = Network;
			sourceTree = "<group>";
		};
		72BC63AB171CAFA2003090A6 /* Images */ = {
			isa = PBXGroup;
			children = (
				72263C011746DCC300AAC461 /* icon.png */,
				72263C021746DCC300AAC461 /* icon@2x.png */,
				72BC63AC171CAFD4003090A6 /* carat-open.png */,
				72BC63AD171CAFD4003090A6 /* carat.png */,
				72263BF317467C9000AAC461 /* closed.png */,
				72263BF417467C9000AAC461 /* darktanlinebreak.png */,
				72263BF517467C9000AAC461 /* greendot.png */,
				72263BF617467C9000AAC461 /* open.png */,
				72263BF717467C9000AAC461 /* reddot.png */,
				72263BF817467C9000AAC461 /* shadowgradient.png */,
				72263BF917467C9000AAC461 /* tanlinebreak.png */,
			);
			name = Images;
			sourceTree = "<group>";
		};
/* End PBXGroup section */

/* Begin PBXNativeTarget section */
		727F485D1713133900BE87CE /* GUC */ = {
			isa = PBXNativeTarget;
			buildConfigurationList = 727F48841713133900BE87CE /* Build configuration list for PBXNativeTarget "GUC" */;
			buildPhases = (
				727F485A1713133900BE87CE /* Sources */,
				727F485B1713133900BE87CE /* Frameworks */,
				727F485C1713133900BE87CE /* Resources */,
			);
			buildRules = (
			);
			dependencies = (
			);
			name = GUC;
			productName = GUC;
			productReference = 727F485E1713133900BE87CE /* GUC.app */;
			productType = "com.apple.product-type.application";
		};
/* End PBXNativeTarget section */

/* Begin PBXProject section */
		727F48561713133900BE87CE /* Project object */ = {
			isa = PBXProject;
			attributes = {
				LastUpgradeCheck = 0460;
				ORGANIZATIONNAME = SmashingBoxes;
			};
			buildConfigurationList = 727F48591713133900BE87CE /* Build configuration list for PBXProject "GUC" */;
			compatibilityVersion = "Xcode 3.2";
			developmentRegion = English;
			hasScannedForEncodings = 0;
			knownRegions = (
				en,
			);
			mainGroup = 727F48551713133900BE87CE;
			productRefGroup = 727F485F1713133900BE87CE /* Products */;
			projectDirPath = "";
			projectRoot = "";
			targets = (
				727F485D1713133900BE87CE /* GUC */,
			);
		};
/* End PBXProject section */

/* Begin PBXResourcesBuildPhase section */
		727F485C1713133900BE87CE /* Resources */ = {
			isa = PBXResourcesBuildPhase;
			buildActionMask = 2147483647;
			files = (
				727F486C1713133900BE87CE /* InfoPlist.strings in Resources */,
				727F48741713133900BE87CE /* Default.png in Resources */,
				727F48761713133900BE87CE /* Default@2x.png in Resources */,
				727F48781713133900BE87CE /* Default-568h@2x.png in Resources */,
				727F487E1713133900BE87CE /* MainViewController_iPhone.xib in Resources */,
				727F48811713133900BE87CE /* MainViewController_iPad.xib in Resources */,
				727F488C1713179200BE87CE /* InspectionView.xib in Resources */,
				727F488E171318A700BE87CE /* PastInspectionsView.xib in Resources */,
				727F4890171318C500BE87CE /* PastInspectionsSummary.xib in Resources */,
				727F4892171318D500BE87CE /* NewInspectionsView.xib in Resources */,
				727F48C41713456D00BE87CE /* Stations.plist in Resources */,
				725372131714C3FB00AB1566 /* NewInspectionCell.xib in Resources */,
				72BC63A7171C5A33003090A6 /* InspectionContentCell.xib in Resources */,
				72BC63AE171CAFD4003090A6 /* carat-open.png in Resources */,
				72BC63AF171CAFD4003090A6 /* carat.png in Resources */,
				72383C671726E389003F9FE3 /* RenderPDFViewController.xib in Resources */,
				722867A1173D4D0E00DB1EEA /* PastInspectionsCell.xib in Resources */,
				72263BFA17467C9000AAC461 /* closed.png in Resources */,
				72263BFB17467C9000AAC461 /* darktanlinebreak.png in Resources */,
				72263BFC17467C9000AAC461 /* greendot.png in Resources */,
				72263BFD17467C9000AAC461 /* open.png in Resources */,
				72263BFE17467C9000AAC461 /* reddot.png in Resources */,
				72263BFF17467C9000AAC461 /* shadowgradient.png in Resources */,
				72263C0017467C9000AAC461 /* tanlinebreak.png in Resources */,
				72263C031746DCC300AAC461 /* icon.png in Resources */,
				72263C041746DCC300AAC461 /* icon@2x.png in Resources */,
			);
			runOnlyForDeploymentPostprocessing = 0;
		};
/* End PBXResourcesBuildPhase section */

/* Begin PBXSourcesBuildPhase section */
		727F485A1713133900BE87CE /* Sources */ = {
			isa = PBXSourcesBuildPhase;
			buildActionMask = 2147483647;
			files = (
				727F486E1713133900BE87CE /* main.m in Sources */,
				727F48721713133900BE87CE /* AppDelegate.m in Sources */,
				727F487B1713133900BE87CE /* MainViewController.m in Sources */,
				727F48951713192200BE87CE /* PastInspectionsViewController.m in Sources */,
				727F489817131AD700BE87CE /* PastInspectionsSummaryViewController.m in Sources */,
				727F489B17131C4100BE87CE /* NewInspectionsViewController.m in Sources */,
				727F489E17131C8100BE87CE /* InspectionViewController.m in Sources */,
				727F48A917132BA400BE87CE /* Inspection.m in Sources */,
				727F48AC17132F5E00BE87CE /* GeneralSettings.m in Sources */,
				727F48AF17132F7000BE87CE /* SwitchBoard.m in Sources */,
				727F48B217132F8300BE87CE /* BatteryCharger.m in Sources */,
				727F48B517132F9400BE87CE /* CircuitSwitcher.m in Sources */,
				727F48B817132FA700BE87CE /* Transformer.m in Sources */,
				727F48BB17132FB800BE87CE /* LTCRegulator.m in Sources */,
				727F48BE17132FC700BE87CE /* Breakers.m in Sources */,
				727F48C21713449400BE87CE /* Station.m in Sources */,
				727F48C91713694900BE87CE /* NavigationBarHelper.m in Sources */,
				725372161714C48A00AB1566 /* NewInspectionCell.m in Sources */,
				724CC8981715A64700EBD6B8 /* LocationHelper.m in Sources */,
				7211D9DC17185CD600BA8135 /* CustomLoadingView.m in Sources */,
				7211D9DF17189ED700BA8135 /* MenuButtonHelper.m in Sources */,
				72BC63A2171C509A003090A6 /* InspectionFormHelper.m in Sources */,
				72BC63A5171C5A1A003090A6 /* InspectionContentCell.m in Sources */,
				72BC63AA171C7EF2003090A6 /* InspectionCellHeaderView.m in Sources */,
				72BA7F66172587EA00AE3901 /* StationInformationOperation.m in Sources */,
				72BA7F691725883A00AE3901 /* NetworkConnectionManager.m in Sources */,
				72BA7F6D17258ED000AE3901 /* StationNetworkFactory.m in Sources */,
				72BA7F701725915800AE3901 /* AsyncRequest.m in Sources */,
				72BA7F751725D2B100AE3901 /* Field.m in Sources */,
				72383C651726E337003F9FE3 /* RenderPDFViewController.m in Sources */,
				725C8A53172986D3006F7A10 /* PickerViewHelper.m in Sources */,
				7228679F173D4CF500DB1EEA /* PastInspectionsCell.m in Sources */,
				72244DD0173DCC0200279B80 /* NSData+HexString.m in Sources */,
				72263BF21746796300AAC461 /* UIColor+HexString.m in Sources */,
			);
			runOnlyForDeploymentPostprocessing = 0;
		};
/* End PBXSourcesBuildPhase section */

/* Begin PBXVariantGroup section */
		727F486A1713133900BE87CE /* InfoPlist.strings */ = {
			isa = PBXVariantGroup;
			children = (
				727F486B1713133900BE87CE /* en */,
			);
			name = InfoPlist.strings;
			sourceTree = "<group>";
		};
		727F487C1713133900BE87CE /* MainViewController_iPhone.xib */ = {
			isa = PBXVariantGroup;
			children = (
				727F487D1713133900BE87CE /* en */,
			);
			name = MainViewController_iPhone.xib;
			sourceTree = "<group>";
		};
		727F487F1713133900BE87CE /* MainViewController_iPad.xib */ = {
			isa = PBXVariantGroup;
			children = (
				727F48801713133900BE87CE /* en */,
			);
			name = MainViewController_iPad.xib;
			sourceTree = "<group>";
		};
/* End PBXVariantGroup section */

/* Begin XCBuildConfiguration section */
		727F48821713133900BE87CE /* Debug */ = {
			isa = XCBuildConfiguration;
			buildSettings = {
				ALWAYS_SEARCH_USER_PATHS = NO;
				CLANG_CXX_LANGUAGE_STANDARD = "gnu++0x";
				CLANG_CXX_LIBRARY = "libc++";
				CLANG_ENABLE_OBJC_ARC = YES;
				CLANG_WARN_CONSTANT_CONVERSION = YES;
				CLANG_WARN_EMPTY_BODY = YES;
				CLANG_WARN_ENUM_CONVERSION = YES;
				CLANG_WARN_INT_CONVERSION = YES;
				CLANG_WARN__DUPLICATE_METHOD_MATCH = YES;
				"CODE_SIGN_IDENTITY[sdk=iphoneos*]" = "iPhone Developer";
				COPY_PHASE_STRIP = NO;
				GCC_C_LANGUAGE_STANDARD = gnu99;
				GCC_DYNAMIC_NO_PIC = NO;
				GCC_OPTIMIZATION_LEVEL = 0;
				GCC_PREPROCESSOR_DEFINITIONS = (
					"DEBUG=1",
					"$(inherited)",
				);
				GCC_SYMBOLS_PRIVATE_EXTERN = NO;
				GCC_WARN_ABOUT_RETURN_TYPE = YES;
				GCC_WARN_UNINITIALIZED_AUTOS = YES;
				GCC_WARN_UNUSED_VARIABLE = YES;
				IPHONEOS_DEPLOYMENT_TARGET = 6.1;
				ONLY_ACTIVE_ARCH = YES;
				SDKROOT = iphoneos;
				TARGETED_DEVICE_FAMILY = "1,2";
			};
			name = Debug;
		};
		727F48831713133900BE87CE /* Release */ = {
			isa = XCBuildConfiguration;
			buildSettings = {
				ALWAYS_SEARCH_USER_PATHS = NO;
				CLANG_CXX_LANGUAGE_STANDARD = "gnu++0x";
				CLANG_CXX_LIBRARY = "libc++";
				CLANG_ENABLE_OBJC_ARC = YES;
				CLANG_WARN_CONSTANT_CONVERSION = YES;
				CLANG_WARN_EMPTY_BODY = YES;
				CLANG_WARN_ENUM_CONVERSION = YES;
				CLANG_WARN_INT_CONVERSION = YES;
				CLANG_WARN__DUPLICATE_METHOD_MATCH = YES;
				"CODE_SIGN_IDENTITY[sdk=iphoneos*]" = "iPhone Developer";
				COPY_PHASE_STRIP = YES;
				GCC_C_LANGUAGE_STANDARD = gnu99;
				GCC_WARN_ABOUT_RETURN_TYPE = YES;
				GCC_WARN_UNINITIALIZED_AUTOS = YES;
				GCC_WARN_UNUSED_VARIABLE = YES;
				IPHONEOS_DEPLOYMENT_TARGET = 6.1;
				OTHER_CFLAGS = "-DNS_BLOCK_ASSERTIONS=1";
				SDKROOT = iphoneos;
				TARGETED_DEVICE_FAMILY = "1,2";
				VALIDATE_PRODUCT = YES;
			};
			name = Release;
		};
		727F48851713133900BE87CE /* Debug */ = {
			isa = XCBuildConfiguration;
			buildSettings = {
				CODE_SIGN_IDENTITY = "iPhone Developer: Michael Brodeur (33K6W7R64A)";
				GCC_PRECOMPILE_PREFIX_HEADER = YES;
				GCC_PREFIX_HEADER = "GUC/GUC-Prefix.pch";
				INFOPLIST_FILE = "GUC/GUC-Info.plist";
				IPHONEOS_DEPLOYMENT_TARGET = 6.1;
				PRODUCT_NAME = "$(TARGET_NAME)";
				PROVISIONING_PROFILE = "1127FD23-184F-4720-B92A-DC9E633AFB8D";
				WRAPPER_EXTENSION = app;
			};
			name = Debug;
		};
		727F48861713133900BE87CE /* Release */ = {
			isa = XCBuildConfiguration;
			buildSettings = {
				CODE_SIGN_IDENTITY = "iPhone Developer: Michael Brodeur (33K6W7R64A)";
				GCC_PRECOMPILE_PREFIX_HEADER = YES;
				GCC_PREFIX_HEADER = "GUC/GUC-Prefix.pch";
				INFOPLIST_FILE = "GUC/GUC-Info.plist";
				IPHONEOS_DEPLOYMENT_TARGET = 6.1;
				PRODUCT_NAME = "$(TARGET_NAME)";
				PROVISIONING_PROFILE = "1127FD23-184F-4720-B92A-DC9E633AFB8D";
				WRAPPER_EXTENSION = app;
			};
			name = Release;
		};
/* End XCBuildConfiguration section */

/* Begin XCConfigurationList section */
		727F48591713133900BE87CE /* Build configuration list for PBXProject "GUC" */ = {
			isa = XCConfigurationList;
			buildConfigurations = (
				727F48821713133900BE87CE /* Debug */,
				727F48831713133900BE87CE /* Release */,
			);
			defaultConfigurationIsVisible = 0;
			defaultConfigurationName = Release;
		};
		727F48841713133900BE87CE /* Build configuration list for PBXNativeTarget "GUC" */ = {
			isa = XCConfigurationList;
			buildConfigurations = (
				727F48851713133900BE87CE /* Debug */,
				727F48861713133900BE87CE /* Release */,
			);
			defaultConfigurationIsVisible = 0;
			defaultConfigurationName = Release;
		};
/* End XCConfigurationList section */
	};
	rootObject = 727F48561713133900BE87CE /* Project object */;
}
